// !$*UTF8*$!
{
	archiveVersion = 1;
	classes = {
	};
	objectVersion = 50;
	objects = {

/* Begin PBXBuildFile section */
		A0BF17C4223C0D560079BA97 /* AppDelegate.swift in Sources */ = {isa = PBXBuildFile; fileRef = A0BF17C3223C0D560079BA97 /* AppDelegate.swift */; };
		A0BF17C6223C0D570079BA97 /* ViewController.swift in Sources */ = {isa = PBXBuildFile; fileRef = A0BF17C5223C0D570079BA97 /* ViewController.swift */; };
		A0BF17C9223C0D570079BA97 /* Main.storyboard in Resources */ = {isa = PBXBuildFile; fileRef = A0BF17C7223C0D570079BA97 /* Main.storyboard */; };
		A0BF17CB223C0D570079BA97 /* Assets.xcassets in Resources */ = {isa = PBXBuildFile; fileRef = A0BF17CA223C0D570079BA97 /* Assets.xcassets */; };
		A0BF17CE223C0D570079BA97 /* LaunchScreen.storyboard in Resources */ = {isa = PBXBuildFile; fileRef = A0BF17CC223C0D570079BA97 /* LaunchScreen.storyboard */; };
		A0BF17D8223C12840079BA97 /* SVProgressHUD.framework in Frameworks */ = {isa = PBXBuildFile; fileRef = A0BF17D5223C12840079BA97 /* SVProgressHUD.framework */; };
		A0BF17D9223C12840079BA97 /* SVProgressHUD.framework in Embed Frameworks */ = {isa = PBXBuildFile; fileRef = A0BF17D5223C12840079BA97 /* SVProgressHUD.framework */; settings = {ATTRIBUTES = (CodeSignOnCopy, RemoveHeadersOnCopy, ); }; };
		A0BF17DA223C12840079BA97 /* VisualRecognitionV3.framework in Frameworks */ = {isa = PBXBuildFile; fileRef = A0BF17D6223C12840079BA97 /* VisualRecognitionV3.framework */; };
		A0BF17DB223C12840079BA97 /* VisualRecognitionV3.framework in Embed Frameworks */ = {isa = PBXBuildFile; fileRef = A0BF17D6223C12840079BA97 /* VisualRecognitionV3.framework */; settings = {ATTRIBUTES = (CodeSignOnCopy, RemoveHeadersOnCopy, ); }; };
		A0BF17DC223C12840079BA97 /* RestKit.framework in Frameworks */ = {isa = PBXBuildFile; fileRef = A0BF17D7223C12840079BA97 /* RestKit.framework */; };
		A0BF17DD223C12840079BA97 /* RestKit.framework in Embed Frameworks */ = {isa = PBXBuildFile; fileRef = A0BF17D7223C12840079BA97 /* RestKit.framework */; settings = {ATTRIBUTES = (CodeSignOnCopy, RemoveHeadersOnCopy, ); }; };
/* End PBXBuildFile section */

/* Begin PBXCopyFilesBuildPhase section */
		A0BF17DE223C12840079BA97 /* Embed Frameworks */ = {
			isa = PBXCopyFilesBuildPhase;
			buildActionMask = 2147483647;
			dstPath = "";
			dstSubfolderSpec = 10;
			files = (
				A0BF17D9223C12840079BA97 /* SVProgressHUD.framework in Embed Frameworks */,
				A0BF17DB223C12840079BA97 /* VisualRecognitionV3.framework in Embed Frameworks */,
				A0BF17DD223C12840079BA97 /* RestKit.framework in Embed Frameworks */,
			);
			name = "Embed Frameworks";
			runOnlyForDeploymentPostprocessing = 0;
		};
/* End PBXCopyFilesBuildPhase section */

/* Begin PBXFileReference section */
		A0BF17C0223C0D560079BA97 /* FoodWatch.app */ = {isa = PBXFileReference; explicitFileType = wrapper.application; includeInIndex = 0; path = FoodWatch.app; sourceTree = BUILT_PRODUCTS_DIR; };
		A0BF17C3223C0D560079BA97 /* AppDelegate.swift */ = {isa = PBXFileReference; lastKnownFileType = sourcecode.swift; path = AppDelegate.swift; sourceTree = "<group>"; };
		A0BF17C5223C0D570079BA97 /* ViewController.swift */ = {isa = PBXFileReference; lastKnownFileType = sourcecode.swift; path = ViewController.swift; sourceTree = "<group>"; };
		A0BF17C8223C0D570079BA97 /* Base */ = {isa = PBXFileReference; lastKnownFileType = file.storyboard; name = Base; path = Base.lproj/Main.storyboard; sourceTree = "<group>"; };
		A0BF17CA223C0D570079BA97 /* Assets.xcassets */ = {isa = PBXFileReference; lastKnownFileType = folder.assetcatalog; path = Assets.xcassets; sourceTree = "<group>"; };
		A0BF17CD223C0D570079BA97 /* Base */ = {isa = PBXFileReference; lastKnownFileType = file.storyboard; name = Base; path = Base.lproj/LaunchScreen.storyboard; sourceTree = "<group>"; };
		A0BF17CF223C0D570079BA97 /* Info.plist */ = {isa = PBXFileReference; lastKnownFileType = text.plist.xml; path = Info.plist; sourceTree = "<group>"; };
		A0BF17D5223C12840079BA97 /* SVProgressHUD.framework */ = {isa = PBXFileReference; lastKnownFileType = wrapper.framework; name = SVProgressHUD.framework; path = Carthage/Build/iOS/SVProgressHUD.framework; sourceTree = "<group>"; };
		A0BF17D6223C12840079BA97 /* VisualRecognitionV3.framework */ = {isa = PBXFileReference; lastKnownFileType = wrapper.framework; name = VisualRecognitionV3.framework; path = Carthage/Build/iOS/VisualRecognitionV3.framework; sourceTree = "<group>"; };
		A0BF17D7223C12840079BA97 /* RestKit.framework */ = {isa = PBXFileReference; lastKnownFileType = wrapper.framework; name = RestKit.framework; path = Carthage/Build/iOS/RestKit.framework; sourceTree = "<group>"; };
/* End PBXFileReference section */

/* Begin PBXFrameworksBuildPhase section */
		A0BF17BD223C0D560079BA97 /* Frameworks */ = {
			isa = PBXFrameworksBuildPhase;
			buildActionMask = 2147483647;
			files = (
				A0BF17D8223C12840079BA97 /* SVProgressHUD.framework in Frameworks */,
				A0BF17DA223C12840079BA97 /* VisualRecognitionV3.framework in Frameworks */,
				A0BF17DC223C12840079BA97 /* RestKit.framework in Frameworks */,
			);
			runOnlyForDeploymentPostprocessing = 0;
		};
/* End PBXFrameworksBuildPhase section */

/* Begin PBXGroup section */
		A0BF17B7223C0D560079BA97 = {
			isa = PBXGroup;
			children = (
				A0BF17D7223C12840079BA97 /* RestKit.framework */,
				A0BF17D5223C12840079BA97 /* SVProgressHUD.framework */,
				A0BF17D6223C12840079BA97 /* VisualRecognitionV3.framework */,
				A0BF17C2223C0D560079BA97 /* FoodWatch */,
				A0BF17C1223C0D560079BA97 /* Products */,
			);
			sourceTree = "<group>";
		};
		A0BF17C1223C0D560079BA97 /* Products */ = {
			isa = PBXGroup;
			children = (
				A0BF17C0223C0D560079BA97 /* FoodWatch.app */,
			);
			name = Products;
			sourceTree = "<group>";
		};
		A0BF17C2223C0D560079BA97 /* FoodWatch */ = {
			isa = PBXGroup;
			children = (
				A0BF17C3223C0D560079BA97 /* AppDelegate.swift */,
				A0BF17C5223C0D570079BA97 /* ViewController.swift */,
				A0BF17C7223C0D570079BA97 /* Main.storyboard */,
				A0BF17CA223C0D570079BA97 /* Assets.xcassets */,
				A0BF17CC223C0D570079BA97 /* LaunchScreen.storyboard */,
				A0BF17CF223C0D570079BA97 /* Info.plist */,
			);
			path = FoodWatch;
			sourceTree = "<group>";
		};
/* End PBXGroup section */

/* Begin PBXNativeTarget section */
		A0BF17BF223C0D560079BA97 /* FoodWatch */ = {
			isa = PBXNativeTarget;
			buildConfigurationList = A0BF17D2223C0D580079BA97 /* Build configuration list for PBXNativeTarget "FoodWatch" */;
			buildPhases = (
				A0BF17BC223C0D560079BA97 /* Sources */,
				A0BF17BD223C0D560079BA97 /* Frameworks */,
				A0BF17BE223C0D560079BA97 /* Resources */,
				A0BF17DE223C12840079BA97 /* Embed Frameworks */,
			);
			buildRules = (
			);
			dependencies = (
			);
			name = FoodWatch;
			productName = FoodWatch;
			productReference = A0BF17C0223C0D560079BA97 /* FoodWatch.app */;
			productType = "com.apple.product-type.application";
		};
/* End PBXNativeTarget section */

/* Begin PBXProject section */
		A0BF17B8223C0D560079BA97 /* Project object */ = {
			isa = PBXProject;
			attributes = {
				LastSwiftUpdateCheck = 1010;
				LastUpgradeCheck = 1010;
				ORGANIZATIONNAME = "Gain Chang";
				TargetAttributes = {
					A0BF17BF223C0D560079BA97 = {
						CreatedOnToolsVersion = 10.1;
					};
				};
			};
			buildConfigurationList = A0BF17BB223C0D560079BA97 /* Build configuration list for PBXProject "FoodWatch" */;
			compatibilityVersion = "Xcode 9.3";
			developmentRegion = en;
			hasScannedForEncodings = 0;
			knownRegions = (
				en,
				Base,
			);
			mainGroup = A0BF17B7223C0D560079BA97;
			productRefGroup = A0BF17C1223C0D560079BA97 /* Products */;
			projectDirPath = "";
			projectRoot = "";
			targets = (
				A0BF17BF223C0D560079BA97 /* FoodWatch */,
			);
		};
/* End PBXProject section */

/* Begin PBXResourcesBuildPhase section */
		A0BF17BE223C0D560079BA97 /* Resources */ = {
			isa = PBXResourcesBuildPhase;
			buildActionMask = 2147483647;
			files = (
				A0BF17CE223C0D570079BA97 /* LaunchScreen.storyboard in Resources */,
				A0BF17CB223C0D570079BA97 /* Assets.xcassets in Resources */,
				A0BF17C9223C0D570079BA97 /* Main.storyboard in Resources */,
			);
			runOnlyForDeploymentPostprocessing = 0;
		};
/* End PBXResourcesBuildPhase section */

/* Begin PBXSourcesBuildPhase section */
		A0BF17BC223C0D560079BA97 /* Sources */ = {
			isa = PBXSourcesBuildPhase;
			buildActionMask = 2147483647;
			files = (
				A0BF17C6223C0D570079BA97 /* ViewController.swift in Sources */,
				A0BF17C4223C0D560079BA97 /* AppDelegate.swift in Sources */,
			);
			runOnlyForDeploymentPostprocessing = 0;
		};
/* End PBXSourcesBuildPhase section */

/* Begin PBXVariantGroup section */
		A0BF17C7223C0D570079BA97 /* Main.storyboard */ = {
			isa = PBXVariantGroup;
			children = (
				A0BF17C8223C0D570079BA97 /* Base */,
			);
			name = Main.storyboard;
			sourceTree = "<group>";
		};
		A0BF17CC223C0D570079BA97 /* LaunchScreen.storyboard */ = {
			isa = PBXVariantGroup;
			children = (
				A0BF17CD223C0D570079BA97 /* Base */,
			);
			name = LaunchScreen.storyboard;
			sourceTree = "<group>";
		};
/* End PBXVariantGroup section */

/* Begin XCBuildConfiguration section */
		A0BF17D0223C0D570079BA97 /* Debug */ = {
			isa = XCBuildConfiguration;
			buildSettings = {
				ALWAYS_SEARCH_USER_PATHS = NO;
				CLANG_ANALYZER_NONNULL = YES;
				CLANG_ANALYZER_NUMBER_OBJECT_CONVERSION = YES_AGGRESSIVE;
				CLANG_CXX_LANGUAGE_STANDARD = "gnu++14";
				CLANG_CXX_LIBRARY = "libc++";
				CLANG_ENABLE_MODULES = YES;
				CLANG_ENABLE_OBJC_ARC = YES;
				CLANG_ENABLE_OBJC_WEAK = YES;
				CLANG_WARN_BLOCK_CAPTURE_AUTORELEASING = YES;
				CLANG_WARN_BOOL_CONVERSION = YES;
				CLANG_WARN_COMMA = YES;
				CLANG_WARN_CONSTANT_CONVERSION = YES;
				CLANG_WARN_DEPRECATED_OBJC_IMPLEMENTATIONS = YES;
				CLANG_WARN_DIRECT_OBJC_ISA_USAGE = YES_ERROR;
				CLANG_WARN_DOCUMENTATION_COMMENTS = YES;
				CLANG_WARN_EMPTY_BODY = YES;
				CLANG_WARN_ENUM_CONVERSION = YES;
				CLANG_WARN_INFINITE_RECURSION = YES;
				CLANG_WARN_INT_CONVERSION = YES;
				CLANG_WARN_NON_LITERAL_NULL_CONVERSION = YES;
				CLANG_WARN_OBJC_IMPLICIT_RETAIN_SELF = YES;
				CLANG_WARN_OBJC_LITERAL_CONVERSION = YES;
				CLANG_WARN_OBJC_ROOT_CLASS = YES_ERROR;
				CLANG_WARN_RANGE_LOOP_ANALYSIS = YES;
				CLANG_WARN_STRICT_PROTOTYPES = YES;
				CLANG_WARN_SUSPICIOUS_MOVE = YES;
				CLANG_WARN_UNGUARDED_AVAILABILITY = YES_AGGRESSIVE;
				CLANG_WARN_UNREACHABLE_CODE = YES;
				CLANG_WARN__DUPLICATE_METHOD_MATCH = YES;
				CODE_SIGN_IDENTITY = "iPhone Developer";
				COPY_PHASE_STRIP = NO;
				DEBUG_INFORMATION_FORMAT = dwarf;
				ENABLE_STRICT_OBJC_MSGSEND = YES;
				ENABLE_TESTABILITY = YES;
				GCC_C_LANGUAGE_STANDARD = gnu11;
				GCC_DYNAMIC_NO_PIC = NO;
				GCC_NO_COMMON_BLOCKS = YES;
				GCC_OPTIMIZATION_LEVEL = 0;
				GCC_PREPROCESSOR_DEFINITIONS = (
					"DEBUG=1",
					"$(inherited)",
				);
				GCC_WARN_64_TO_32_BIT_CONVERSION = YES;
				GCC_WARN_ABOUT_RETURN_TYPE = YES_ERROR;
				GCC_WARN_UNDECLARED_SELECTOR = YES;
				GCC_WARN_UNINITIALIZED_AUTOS = YES_AGGRESSIVE;
				GCC_WARN_UNUSED_FUNCTION = YES;
				GCC_WARN_UNUSED_VARIABLE = YES;
				IPHONEOS_DEPLOYMENT_TARGET = 12.1;
				MTL_ENABLE_DEBUG_INFO = INCLUDE_SOURCE;
				MTL_FAST_MATH = YES;
				ONLY_ACTIVE_ARCH = YES;
				SDKROOT = iphoneos;
				SWIFT_ACTIVE_COMPILATION_CONDITIONS = DEBUG;
				SWIFT_OPTIMIZATION_LEVEL = "-Onone";
			};
			name = Debug;
		};
		A0BF17D1223C0D570079BA97 /* Release */ = {
			isa = XCBuildConfiguration;
			buildSettings = {
				ALWAYS_SEARCH_USER_PATHS = NO;
				CLANG_ANALYZER_NONNULL = YES;
				CLANG_ANALYZER_NUMBER_OBJECT_CONVERSION = YES_AGGRESSIVE;
				CLANG_CXX_LANGUAGE_STANDARD = "gnu++14";
				CLANG_CXX_LIBRARY = "libc++";
				CLANG_ENABLE_MODULES = YES;
				CLANG_ENABLE_OBJC_ARC = YES;
				CLANG_ENABLE_OBJC_WEAK = YES;
				CLANG_WARN_BLOCK_CAPTURE_AUTORELEASING = YES;
				CLANG_WARN_BOOL_CONVERSION = YES;
				CLANG_WARN_COMMA = YES;
				CLANG_WARN_CONSTANT_CONVERSION = YES;
				CLANG_WARN_DEPRECATED_OBJC_IMPLEMENTATIONS = YES;
				CLANG_WARN_DIRECT_OBJC_ISA_USAGE = YES_ERROR;
				CLANG_WARN_DOCUMENTATION_COMMENTS = YES;
				CLANG_WARN_EMPTY_BODY = YES;
				CLANG_WARN_ENUM_CONVERSION = YES;
				CLANG_WARN_INFINITE_RECURSION = YES;
				CLANG_WARN_INT_CONVERSION = YES;
				CLANG_WARN_NON_LITERAL_NULL_CONVERSION = YES;
				CLANG_WARN_OBJC_IMPLICIT_RETAIN_SELF = YES;
				CLANG_WARN_OBJC_LITERAL_CONVERSION = YES;
				CLANG_WARN_OBJC_ROOT_CLASS = YES_ERROR;
				CLANG_WARN_RANGE_LOOP_ANALYSIS = YES;
				CLANG_WARN_STRICT_PROTOTYPES = YES;
				CLANG_WARN_SUSPICIOUS_MOVE = YES;
				CLANG_WARN_UNGUARDED_AVAILABILITY = YES_AGGRESSIVE;
				CLANG_WARN_UNREACHABLE_CODE = YES;
				CLANG_WARN__DUPLICATE_METHOD_MATCH = YES;
				CODE_SIGN_IDENTITY = "iPhone Developer";
				COPY_PHASE_STRIP = NO;
				DEBUG_INFORMATION_FORMAT = "dwarf-with-dsym";
				ENABLE_NS_ASSERTIONS = NO;
				ENABLE_STRICT_OBJC_MSGSEND = YES;
				GCC_C_LANGUAGE_STANDARD = gnu11;
				GCC_NO_COMMON_BLOCKS = YES;
				GCC_WARN_64_TO_32_BIT_CONVERSION = YES;
				GCC_WARN_ABOUT_RETURN_TYPE = YES_ERROR;
				GCC_WARN_UNDECLARED_SELECTOR = YES;
				GCC_WARN_UNINITIALIZED_AUTOS = YES_AGGRESSIVE;
				GCC_WARN_UNUSED_FUNCTION = YES;
				GCC_WARN_UNUSED_VARIABLE = YES;
				IPHONEOS_DEPLOYMENT_TARGET = 12.1;
				MTL_ENABLE_DEBUG_INFO = NO;
				MTL_FAST_MATH = YES;
				SDKROOT = iphoneos;
				SWIFT_COMPILATION_MODE = wholemodule;
				SWIFT_OPTIMIZATION_LEVEL = "-O";
				VALIDATE_PRODUCT = YES;
			};
			name = Release;
		};
		A0BF17D3223C0D580079BA97 /* Debug */ = {
			isa = XCBuildConfiguration;
			buildSettings = {
				ASSETCATALOG_COMPILER_APPICON_NAME = AppIcon;
				CODE_SIGN_STYLE = Automatic;
				DEVELOPMENT_TEAM = 3QAWMK863U;
				FRAMEWORK_SEARCH_PATHS = (
					"$(inherited)",
					"$(PROJECT_DIR)/Carthage/Build/iOS",
				);
				INFOPLIST_FILE = FoodWatch/Info.plist;
				LD_RUNPATH_SEARCH_PATHS = (
					"$(inherited)",
					"@executable_path/Frameworks",
				);
				PRODUCT_BUNDLE_IDENTIFIER = com.gain620.FoodWatch;
				PRODUCT_NAME = "$(TARGET_NAME)";
				SWIFT_VERSION = 4.2;
				TARGETED_DEVICE_FAMILY = 1;
			};
			name = Debug;
		};
		A0BF17D4223C0D580079BA97 /* Release */ = {
			isa = XCBuildConfiguration;
			buildSettings = {
				ASSETCATALOG_COMPILER_APPICON_NAME = AppIcon;
				CODE_SIGN_STYLE = Automatic;
				DEVELOPMENT_TEAM = 3QAWMK863U;
				FRAMEWORK_SEARCH_PATHS = (
					"$(inherited)",
					"$(PROJECT_DIR)/Carthage/Build/iOS",
				);
				INFOPLIST_FILE = FoodWatch/Info.plist;
				LD_RUNPATH_SEARCH_PATHS = (
					"$(inherited)",
					"@executable_path/Frameworks",
				);
				PRODUCT_BUNDLE_IDENTIFIER = com.gain620.FoodWatch;
				PRODUCT_NAME = "$(TARGET_NAME)";
				SWIFT_VERSION = 4.2;
				TARGETED_DEVICE_FAMILY = 1;
			};
			name = Release;
		};
/* End XCBuildConfiguration section */

/* Begin XCConfigurationList section */
		A0BF17BB223C0D560079BA97 /* Build configuration list for PBXProject "FoodWatch" */ = {
			isa = XCConfigurationList;
			buildConfigurations = (
				A0BF17D0223C0D570079BA97 /* Debug */,
				A0BF17D1223C0D570079BA97 /* Release */,
			);
			defaultConfigurationIsVisible = 0;
			defaultConfigurationName = Release;
		};
		A0BF17D2223C0D580079BA97 /* Build configuration list for PBXNativeTarget "FoodWatch" */ = {
			isa = XCConfigurationList;
			buildConfigurations = (
				A0BF17D3223C0D580079BA97 /* Debug */,
				A0BF17D4223C0D580079BA97 /* Release */,
			);
			defaultConfigurationIsVisible = 0;
			defaultConfigurationName = Release;
		};
/* End XCConfigurationList section */
	};
	rootObject = A0BF17B8223C0D560079BA97 /* Project object */;
}
